
Microsoft Visual Studio Solution File, Format Version 12.00
# Visual Studio Version 17
VisualStudioVersion = 17.9.34728.123
MinimumVisualStudioVersion = 10.0.40219.1
Project("{8BC9CEB8-8B4A-11D0-8D11-00A0C91BC942}") = "conditions (31.03.25)", "conditions (31.03.25)\conditions (31.03.25).vcxproj", "{85944D9B-0B0A-4FFD-9115-D49B3BC19552}"
EndProject
Global
	GlobalSection(SolutionConfigurationPlatforms) = preSolution
		Debug|x64 = Debug|x64
		Debug|x86 = Debug|x86
		Release|x64 = Release|x64
		Release|x86 = Release|x86
	EndGlobalSection
	GlobalSection(ProjectConfigurationPlatforms) = postSolution
		{85944D9B-0B0A-4FFD-9115-D49B3BC19552}.Debug|x64.ActiveCfg = Debug|x64
		{85944D9B-0B0A-4FFD-9115-D49B3BC19552}.Debug|x64.Build.0 = Debug|x64
		{85944D9B-0B0A-4FFD-9115-D49B3BC19552}.Debug|x86.ActiveCfg = Debug|Win32
		{85944D9B-0B0A-4FFD-9115-D49B3BC19552}.Debug|x86.Build.0 = Debug|Win32
		{85944D9B-0B0A-4FFD-9115-D49B3BC19552}.Release|x64.ActiveCfg = Release|x64
		{85944D9B-0B0A-4FFD-9115-D49B3BC19552}.Release|x64.Build.0 = Release|x64
		{85944D9B-0B0A-4FFD-9115-D49B3BC19552}.Release|x86.ActiveCfg = Release|Win32
		{85944D9B-0B0A-4FFD-9115-D49B3BC19552}.Release|x86.Build.0 = Release|Win32
	EndGlobalSection
	GlobalSection(SolutionProperties) = preSolution
		HideSolutionNode = FALSE
	EndGlobalSection
	GlobalSection(ExtensibilityGlobals) = postSolution
		SolutionGuid = {9C0D5067-A346-440C-A0C7-E7A55A367326}
	EndGlobalSection
EndGlobal
